PODS:
  - IQKeyboardManagerSwift (6.5.10)
  - libwebp (1.2.1):
    - libwebp/demux (= 1.2.1)
    - libwebp/mux (= 1.2.1)
    - libwebp/webp (= 1.2.1)
  - libwebp/demux (1.2.1):
    - libwebp/webp
  - libwebp/mux (1.2.1):
    - libwebp/demux
  - libwebp/webp (1.2.1)
  - SDWebImage/Core (4.4.8)
  - SDWebImage/WebP (4.4.8):
    - libwebp (< 2.0, >= 0.5)
    - SDWebImage/Core

DEPENDENCIES:
  - IQKeyboardManagerSwift
  - SDWebImage/WebP

SPEC REPOS:
  trunk:
    - IQKeyboardManagerSwift
    - libwebp
    - SDWebImage

SPEC CHECKSUMS:
  IQKeyboardManagerSwift: 52962c76ab33532f15ad9f3ff4e5715eda5335bb
  libwebp: 98a37e597e40bfdb4c911fc98f2c53d0b12d05fc
  SDWebImage: 783af2c3fa36291a250030c4752ee370a9a51d13

PODFILE CHECKSUM: b528d0b5aed8e3ad52c99396af4532112afb3c37

COCOAPODS: 1.11.3
